
Microsoft Visual Studio Solution File, Format Version 11.00
# Visual Studio 2010
Project("{FAE04EC0-301F-11D3-BF4B-00C04F79EFBC}") = "Gnomic.Core.M4A", "Gnomic.Core\Gnomic.Core.M4A.csproj", "{6956D64A-4911-419D-800B-06257B98B716}"
EndProject
Project("{FAE04EC0-301F-11D3-BF4B-00C04F79EFBC}") = "Gnomic.Anim.M4A", "Gnomic.Anim\Gnomic.Anim.M4A.csproj", "{A69EA583-9424-487C-B6E7-A60033AE95C2}"
EndProject
Project("{FAE04EC0-301F-11D3-BF4B-00C04F79EFBC}") = "Farseer Physics XNA.M4A", "Farseer Physics Engine 3.3.1 XNA\Farseer Physics XNA.M4A.csproj", "{32F502AE-41EA-4CAA-AB93-B472202B92C8}"
EndProject
Project("{FAE04EC0-301F-11D3-BF4B-00C04F79EFBC}") = "MonoGame.Framework.Android", "..\MonoGame\MonoGame.Framework\MonoGame.Framework.Android.csproj", "{BA9476CF-99BA-4D03-92F2-73D2C5E58883}"
EndProject
Project("{FAE04EC0-301F-11D3-BF4B-00C04F79EFBC}") = "Lidgren.Network.Android", "..\MonoGame\ThirdParty\Lidgren.Network\Lidgren.Network.Android.csproj", "{565129E0-4EE5-4F6F-B403-C3484C9740BE}"
EndProject
Project("{FAE04EC0-301F-11D3-BF4B-00C04F79EFBC}") = "Throng.M4A", "Throng.M4A\Throng.M4A.csproj", "{E2629C5D-5E20-4FBD-B7EA-1B39902BB08E}"
EndProject
Global
	GlobalSection(SolutionConfigurationPlatforms) = preSolution
		Debug|Any CPU = Debug|Any CPU
		Debug|Mixed Platforms = Debug|Mixed Platforms
		Debug|Windows Phone = Debug|Windows Phone
		Debug|x86 = Debug|x86
		Release|Any CPU = Release|Any CPU
		Release|Mixed Platforms = Release|Mixed Platforms
		Release|Windows Phone = Release|Windows Phone
		Release|x86 = Release|x86
	EndGlobalSection
	GlobalSection(ProjectConfigurationPlatforms) = postSolution
		{6956D64A-4911-419D-800B-06257B98B716}.Debug|Any CPU.ActiveCfg = Debug|Any CPU
		{6956D64A-4911-419D-800B-06257B98B716}.Debug|Any CPU.Build.0 = Debug|Any CPU
		{6956D64A-4911-419D-800B-06257B98B716}.Debug|Mixed Platforms.ActiveCfg = Debug|Any CPU
		{6956D64A-4911-419D-800B-06257B98B716}.Debug|Mixed Platforms.Build.0 = Debug|Any CPU
		{6956D64A-4911-419D-800B-06257B98B716}.Debug|Windows Phone.ActiveCfg = Debug|Any CPU
		{6956D64A-4911-419D-800B-06257B98B716}.Debug|x86.ActiveCfg = Debug|Any CPU
		{6956D64A-4911-419D-800B-06257B98B716}.Release|Any CPU.ActiveCfg = Release|Any CPU
		{6956D64A-4911-419D-800B-06257B98B716}.Release|Any CPU.Build.0 = Release|Any CPU
		{6956D64A-4911-419D-800B-06257B98B716}.Release|Mixed Platforms.ActiveCfg = Release|Any CPU
		{6956D64A-4911-419D-800B-06257B98B716}.Release|Mixed Platforms.Build.0 = Release|Any CPU
		{6956D64A-4911-419D-800B-06257B98B716}.Release|Windows Phone.ActiveCfg = Release|Any CPU
		{6956D64A-4911-419D-800B-06257B98B716}.Release|x86.ActiveCfg = Release|Any CPU
		{A69EA583-9424-487C-B6E7-A60033AE95C2}.Debug|Any CPU.ActiveCfg = Debug|Any CPU
		{A69EA583-9424-487C-B6E7-A60033AE95C2}.Debug|Any CPU.Build.0 = Debug|Any CPU
		{A69EA583-9424-487C-B6E7-A60033AE95C2}.Debug|Mixed Platforms.ActiveCfg = Debug|Any CPU
		{A69EA583-9424-487C-B6E7-A60033AE95C2}.Debug|Mixed Platforms.Build.0 = Debug|Any CPU
		{A69EA583-9424-487C-B6E7-A60033AE95C2}.Debug|Windows Phone.ActiveCfg = Debug|Any CPU
		{A69EA583-9424-487C-B6E7-A60033AE95C2}.Debug|x86.ActiveCfg = Debug|Any CPU
		{A69EA583-9424-487C-B6E7-A60033AE95C2}.Release|Any CPU.ActiveCfg = Release|Any CPU
		{A69EA583-9424-487C-B6E7-A60033AE95C2}.Release|Any CPU.Build.0 = Release|Any CPU
		{A69EA583-9424-487C-B6E7-A60033AE95C2}.Release|Mixed Platforms.ActiveCfg = Release|Any CPU
		{A69EA583-9424-487C-B6E7-A60033AE95C2}.Release|Mixed Platforms.Build.0 = Release|Any CPU
		{A69EA583-9424-487C-B6E7-A60033AE95C2}.Release|Windows Phone.ActiveCfg = Release|Any CPU
		{A69EA583-9424-487C-B6E7-A60033AE95C2}.Release|x86.ActiveCfg = Release|Any CPU
		{32F502AE-41EA-4CAA-AB93-B472202B92C8}.Debug|Any CPU.ActiveCfg = Debug|Any CPU
		{32F502AE-41EA-4CAA-AB93-B472202B92C8}.Debug|Any CPU.Build.0 = Debug|Any CPU
		{32F502AE-41EA-4CAA-AB93-B472202B92C8}.Debug|Mixed Platforms.ActiveCfg = Debug|Any CPU
		{32F502AE-41EA-4CAA-AB93-B472202B92C8}.Debug|Mixed Platforms.Build.0 = Debug|Any CPU
		{32F502AE-41EA-4CAA-AB93-B472202B92C8}.Debug|Windows Phone.ActiveCfg = Debug|Any CPU
		{32F502AE-41EA-4CAA-AB93-B472202B92C8}.Debug|x86.ActiveCfg = Debug|Any CPU
		{32F502AE-41EA-4CAA-AB93-B472202B92C8}.Release|Any CPU.ActiveCfg = Release|Any CPU
		{32F502AE-41EA-4CAA-AB93-B472202B92C8}.Release|Any CPU.Build.0 = Release|Any CPU
		{32F502AE-41EA-4CAA-AB93-B472202B92C8}.Release|Mixed Platforms.ActiveCfg = Release|Any CPU
		{32F502AE-41EA-4CAA-AB93-B472202B92C8}.Release|Mixed Platforms.Build.0 = Release|Any CPU
		{32F502AE-41EA-4CAA-AB93-B472202B92C8}.Release|Windows Phone.ActiveCfg = Release|Any CPU
		{32F502AE-41EA-4CAA-AB93-B472202B92C8}.Release|x86.ActiveCfg = Release|Any CPU
		{BA9476CF-99BA-4D03-92F2-73D2C5E58883}.Debug|Any CPU.ActiveCfg = Debug|Any CPU
		{BA9476CF-99BA-4D03-92F2-73D2C5E58883}.Debug|Any CPU.Build.0 = Debug|Any CPU
		{BA9476CF-99BA-4D03-92F2-73D2C5E58883}.Debug|Mixed Platforms.ActiveCfg = Debug|Any CPU
		{BA9476CF-99BA-4D03-92F2-73D2C5E58883}.Debug|Mixed Platforms.Build.0 = Debug|Any CPU
		{BA9476CF-99BA-4D03-92F2-73D2C5E58883}.Debug|Windows Phone.ActiveCfg = Debug|Any CPU
		{BA9476CF-99BA-4D03-92F2-73D2C5E58883}.Debug|x86.ActiveCfg = Debug|Any CPU
		{BA9476CF-99BA-4D03-92F2-73D2C5E58883}.Release|Any CPU.ActiveCfg = Release|Any CPU
		{BA9476CF-99BA-4D03-92F2-73D2C5E58883}.Release|Any CPU.Build.0 = Release|Any CPU
		{BA9476CF-99BA-4D03-92F2-73D2C5E58883}.Release|Mixed Platforms.ActiveCfg = Release|Any CPU
		{BA9476CF-99BA-4D03-92F2-73D2C5E58883}.Release|Mixed Platforms.Build.0 = Release|Any CPU
		{BA9476CF-99BA-4D03-92F2-73D2C5E58883}.Release|Windows Phone.ActiveCfg = Release|Any CPU
		{BA9476CF-99BA-4D03-92F2-73D2C5E58883}.Release|x86.ActiveCfg = Release|Any CPU
		{565129E0-4EE5-4F6F-B403-C3484C9740BE}.Debug|Any CPU.ActiveCfg = Debug|Any CPU
		{565129E0-4EE5-4F6F-B403-C3484C9740BE}.Debug|Any CPU.Build.0 = Debug|Any CPU
		{565129E0-4EE5-4F6F-B403-C3484C9740BE}.Debug|Mixed Platforms.ActiveCfg = Debug|Any CPU
		{565129E0-4EE5-4F6F-B403-C3484C9740BE}.Debug|Mixed Platforms.Build.0 = Debug|Any CPU
		{565129E0-4EE5-4F6F-B403-C3484C9740BE}.Debug|Windows Phone.ActiveCfg = Debug|Any CPU
		{565129E0-4EE5-4F6F-B403-C3484C9740BE}.Debug|x86.ActiveCfg = Debug|Any CPU
		{565129E0-4EE5-4F6F-B403-C3484C9740BE}.Release|Any CPU.ActiveCfg = Release|Any CPU
		{565129E0-4EE5-4F6F-B403-C3484C9740BE}.Release|Any CPU.Build.0 = Release|Any CPU
		{565129E0-4EE5-4F6F-B403-C3484C9740BE}.Release|Mixed Platforms.ActiveCfg = Release|Any CPU
		{565129E0-4EE5-4F6F-B403-C3484C9740BE}.Release|Mixed Platforms.Build.0 = Release|Any CPU
		{565129E0-4EE5-4F6F-B403-C3484C9740BE}.Release|Windows Phone.ActiveCfg = Release|Any CPU
		{565129E0-4EE5-4F6F-B403-C3484C9740BE}.Release|x86.ActiveCfg = Release|Any CPU
		{E2629C5D-5E20-4FBD-B7EA-1B39902BB08E}.Debug|Any CPU.ActiveCfg = Debug|Any CPU
		{E2629C5D-5E20-4FBD-B7EA-1B39902BB08E}.Debug|Any CPU.Build.0 = Debug|Any CPU
		{E2629C5D-5E20-4FBD-B7EA-1B39902BB08E}.Debug|Any CPU.Deploy.0 = Debug|Any CPU
		{E2629C5D-5E20-4FBD-B7EA-1B39902BB08E}.Debug|Mixed Platforms.ActiveCfg = Debug|Any CPU
		{E2629C5D-5E20-4FBD-B7EA-1B39902BB08E}.Debug|Mixed Platforms.Build.0 = Debug|Any CPU
		{E2629C5D-5E20-4FBD-B7EA-1B39902BB08E}.Debug|Mixed Platforms.Deploy.0 = Debug|Any CPU
		{E2629C5D-5E20-4FBD-B7EA-1B39902BB08E}.Debug|Windows Phone.ActiveCfg = Debug|Any CPU
		{E2629C5D-5E20-4FBD-B7EA-1B39902BB08E}.Debug|x86.ActiveCfg = Debug|Any CPU
		{E2629C5D-5E20-4FBD-B7EA-1B39902BB08E}.Release|Any CPU.ActiveCfg = Release|Any CPU
		{E2629C5D-5E20-4FBD-B7EA-1B39902BB08E}.Release|Any CPU.Build.0 = Release|Any CPU
		{E2629C5D-5E20-4FBD-B7EA-1B39902BB08E}.Release|Any CPU.Deploy.0 = Release|Any CPU
		{E2629C5D-5E20-4FBD-B7EA-1B39902BB08E}.Release|Mixed Platforms.ActiveCfg = Release|Any CPU
		{E2629C5D-5E20-4FBD-B7EA-1B39902BB08E}.Release|Mixed Platforms.Build.0 = Release|Any CPU
		{E2629C5D-5E20-4FBD-B7EA-1B39902BB08E}.Release|Mixed Platforms.Deploy.0 = Release|Any CPU
		{E2629C5D-5E20-4FBD-B7EA-1B39902BB08E}.Release|Windows Phone.ActiveCfg = Release|Any CPU
		{E2629C5D-5E20-4FBD-B7EA-1B39902BB08E}.Release|x86.ActiveCfg = Release|Any CPU
	EndGlobalSection
	GlobalSection(SolutionProperties) = preSolution
		HideSolutionNode = FALSE
	EndGlobalSection
EndGlobal
