
Microsoft Visual Studio Solution File, Format Version 11.00
# Visual Studio 2010
Project("{FAE04EC0-301F-11D3-BF4B-00C04F79EFBC}") = "Gnomic.Anim", "Gnomic.Anim\Gnomic.Anim.csproj", "{B670D9A3-79F0-4501-9D79-43183346F011}"
EndProject
Project("{FAE04EC0-301F-11D3-BF4B-00C04F79EFBC}") = "Gnomic.Core", "Gnomic.Core\Gnomic.Core.csproj", "{7D332245-61CB-4C80-9F4E-3AEE593BD5BF}"
EndProject
Project("{FAE04EC0-301F-11D3-BF4B-00C04F79EFBC}") = "Farseer Physics XNA", "Farseer Physics Engine 3.3.1 XNA\Farseer Physics XNA.csproj", "{0A850700-1ABB-4288-A391-6726B90EBEB9}"
EndProject
Project("{FAE04EC0-301F-11D3-BF4B-00C04F79EFBC}") = "DebugView XNA", "Farseer Physics Engine 3.3.1 XNA\DebugView XNA\DebugView XNA.csproj", "{FC7845FA-13FE-4FF8-822A-A577F3F59B00}"
EndProject
Project("{FAE04EC0-301F-11D3-BF4B-00C04F79EFBC}") = "Farseer Physics XNA.WP7", "Farseer Physics Engine 3.3.1 XNA\Farseer Physics XNA.WP7.csproj", "{D6BB070C-8BCC-4664-8EEE-3A66DAF9D6AB}"
EndProject
Project("{FAE04EC0-301F-11D3-BF4B-00C04F79EFBC}") = "DebugView XNA.WP7", "Farseer Physics Engine 3.3.1 XNA\DebugView XNA\DebugView XNA.WP7.csproj", "{1932EB84-D979-45CC-94F0-18033881B3E0}"
EndProject
Project("{FAE04EC0-301F-11D3-BF4B-00C04F79EFBC}") = "Gnomic.Anim.WP7", "Gnomic.Anim\Gnomic.Anim.WP7.csproj", "{660570B0-6F4B-4122-B6A0-A40D471043F4}"
EndProject
Project("{FAE04EC0-301F-11D3-BF4B-00C04F79EFBC}") = "Gnomic.Core.WP7", "Gnomic.Core\Gnomic.Core.WP7.csproj", "{D3A0AF9B-8DE9-44E4-9627-BF4AF75E8892}"
EndProject
Project("{FAE04EC0-301F-11D3-BF4B-00C04F79EFBC}") = "DebugView XNA Content", "Farseer Physics Engine 3.3.1 XNA\DebugView XNA\Content\DebugView XNA Content.contentproj", "{AC26EDE1-2A42-4A57-BEEE-9603FCAC9317}"
EndProject
Project("{FAE04EC0-301F-11D3-BF4B-00C04F79EFBC}") = "Throng", "Throng\Throng\Throng.csproj", "{D6155E76-BE20-47B7-93EE-E019223FBD0C}"
EndProject
Project("{FAE04EC0-301F-11D3-BF4B-00C04F79EFBC}") = "Throng.WP7", "Throng\Throng\Throng.WP7.csproj", "{C5D33066-D535-457F-AECF-D4AC253A935A}"
EndProject
Project("{FAE04EC0-301F-11D3-BF4B-00C04F79EFBC}") = "ThrongContent", "Throng\ThrongContent\ThrongContent.contentproj", "{4B690FC6-3B86-43C4-A3F8-57ECFB3973D0}"
EndProject
Project("{FAE04EC0-301F-11D3-BF4B-00C04F79EFBC}") = "Gnomic.AI", "Gnomic.AI\Gnomic.AI.csproj", "{79EC2569-3C47-4EE5-A453-79437C2F065D}"
EndProject
Project("{FAE04EC0-301F-11D3-BF4B-00C04F79EFBC}") = "Gnomic.AI.Tests", "Gnomic.AI.Tests\Gnomic.AI.Tests.csproj", "{69217921-B939-4790-AA5D-5DF809EF38BE}"
	ProjectSection(ProjectDependencies) = postProject
		{79EC2569-3C47-4EE5-A453-79437C2F065D} = {79EC2569-3C47-4EE5-A453-79437C2F065D}
	EndProjectSection
EndProject
Global
	GlobalSection(SolutionConfigurationPlatforms) = preSolution
		Debug|Any CPU = Debug|Any CPU
		Debug|Mixed Platforms = Debug|Mixed Platforms
		Debug|Windows Phone = Debug|Windows Phone
		Debug|x86 = Debug|x86
		Release|Any CPU = Release|Any CPU
		Release|Mixed Platforms = Release|Mixed Platforms
		Release|Windows Phone = Release|Windows Phone
		Release|x86 = Release|x86
	EndGlobalSection
	GlobalSection(ProjectConfigurationPlatforms) = postSolution
		{B670D9A3-79F0-4501-9D79-43183346F011}.Debug|Any CPU.ActiveCfg = Debug|x86
		{B670D9A3-79F0-4501-9D79-43183346F011}.Debug|Mixed Platforms.ActiveCfg = Debug|x86
		{B670D9A3-79F0-4501-9D79-43183346F011}.Debug|Mixed Platforms.Build.0 = Debug|x86
		{B670D9A3-79F0-4501-9D79-43183346F011}.Debug|Windows Phone.ActiveCfg = Debug|x86
		{B670D9A3-79F0-4501-9D79-43183346F011}.Debug|Windows Phone.Build.0 = Debug|x86
		{B670D9A3-79F0-4501-9D79-43183346F011}.Debug|x86.ActiveCfg = Debug|x86
		{B670D9A3-79F0-4501-9D79-43183346F011}.Debug|x86.Build.0 = Debug|x86
		{B670D9A3-79F0-4501-9D79-43183346F011}.Release|Any CPU.ActiveCfg = Release|x86
		{B670D9A3-79F0-4501-9D79-43183346F011}.Release|Mixed Platforms.ActiveCfg = Release|x86
		{B670D9A3-79F0-4501-9D79-43183346F011}.Release|Mixed Platforms.Build.0 = Release|x86
		{B670D9A3-79F0-4501-9D79-43183346F011}.Release|Windows Phone.ActiveCfg = Release|x86
		{B670D9A3-79F0-4501-9D79-43183346F011}.Release|Windows Phone.Build.0 = Release|x86
		{B670D9A3-79F0-4501-9D79-43183346F011}.Release|x86.ActiveCfg = Release|x86
		{B670D9A3-79F0-4501-9D79-43183346F011}.Release|x86.Build.0 = Release|x86
		{7D332245-61CB-4C80-9F4E-3AEE593BD5BF}.Debug|Any CPU.ActiveCfg = Debug|x86
		{7D332245-61CB-4C80-9F4E-3AEE593BD5BF}.Debug|Mixed Platforms.ActiveCfg = Debug|x86
		{7D332245-61CB-4C80-9F4E-3AEE593BD5BF}.Debug|Mixed Platforms.Build.0 = Debug|x86
		{7D332245-61CB-4C80-9F4E-3AEE593BD5BF}.Debug|Windows Phone.ActiveCfg = Debug|x86
		{7D332245-61CB-4C80-9F4E-3AEE593BD5BF}.Debug|Windows Phone.Build.0 = Debug|x86
		{7D332245-61CB-4C80-9F4E-3AEE593BD5BF}.Debug|x86.ActiveCfg = Debug|x86
		{7D332245-61CB-4C80-9F4E-3AEE593BD5BF}.Debug|x86.Build.0 = Debug|x86
		{7D332245-61CB-4C80-9F4E-3AEE593BD5BF}.Release|Any CPU.ActiveCfg = Release|x86
		{7D332245-61CB-4C80-9F4E-3AEE593BD5BF}.Release|Mixed Platforms.ActiveCfg = Release|x86
		{7D332245-61CB-4C80-9F4E-3AEE593BD5BF}.Release|Mixed Platforms.Build.0 = Release|x86
		{7D332245-61CB-4C80-9F4E-3AEE593BD5BF}.Release|Windows Phone.ActiveCfg = Release|x86
		{7D332245-61CB-4C80-9F4E-3AEE593BD5BF}.Release|Windows Phone.Build.0 = Release|x86
		{7D332245-61CB-4C80-9F4E-3AEE593BD5BF}.Release|x86.ActiveCfg = Release|x86
		{7D332245-61CB-4C80-9F4E-3AEE593BD5BF}.Release|x86.Build.0 = Release|x86
		{0A850700-1ABB-4288-A391-6726B90EBEB9}.Debug|Any CPU.ActiveCfg = Debug|x86
		{0A850700-1ABB-4288-A391-6726B90EBEB9}.Debug|Mixed Platforms.ActiveCfg = Debug|x86
		{0A850700-1ABB-4288-A391-6726B90EBEB9}.Debug|Mixed Platforms.Build.0 = Debug|x86
		{0A850700-1ABB-4288-A391-6726B90EBEB9}.Debug|Windows Phone.ActiveCfg = Debug|x86
		{0A850700-1ABB-4288-A391-6726B90EBEB9}.Debug|x86.ActiveCfg = Debug|x86
		{0A850700-1ABB-4288-A391-6726B90EBEB9}.Debug|x86.Build.0 = Debug|x86
		{0A850700-1ABB-4288-A391-6726B90EBEB9}.Release|Any CPU.ActiveCfg = Release|x86
		{0A850700-1ABB-4288-A391-6726B90EBEB9}.Release|Mixed Platforms.ActiveCfg = Release|x86
		{0A850700-1ABB-4288-A391-6726B90EBEB9}.Release|Mixed Platforms.Build.0 = Release|x86
		{0A850700-1ABB-4288-A391-6726B90EBEB9}.Release|Windows Phone.ActiveCfg = Release|x86
		{0A850700-1ABB-4288-A391-6726B90EBEB9}.Release|Windows Phone.Build.0 = Release|x86
		{0A850700-1ABB-4288-A391-6726B90EBEB9}.Release|x86.ActiveCfg = Release|x86
		{0A850700-1ABB-4288-A391-6726B90EBEB9}.Release|x86.Build.0 = Release|x86
		{FC7845FA-13FE-4FF8-822A-A577F3F59B00}.Debug|Any CPU.ActiveCfg = Debug|x86
		{FC7845FA-13FE-4FF8-822A-A577F3F59B00}.Debug|Mixed Platforms.ActiveCfg = Debug|x86
		{FC7845FA-13FE-4FF8-822A-A577F3F59B00}.Debug|Mixed Platforms.Build.0 = Debug|x86
		{FC7845FA-13FE-4FF8-822A-A577F3F59B00}.Debug|Windows Phone.ActiveCfg = Debug|x86
		{FC7845FA-13FE-4FF8-822A-A577F3F59B00}.Debug|Windows Phone.Build.0 = Debug|x86
		{FC7845FA-13FE-4FF8-822A-A577F3F59B00}.Debug|x86.ActiveCfg = Debug|x86
		{FC7845FA-13FE-4FF8-822A-A577F3F59B00}.Debug|x86.Build.0 = Debug|x86
		{FC7845FA-13FE-4FF8-822A-A577F3F59B00}.Release|Any CPU.ActiveCfg = Release|x86
		{FC7845FA-13FE-4FF8-822A-A577F3F59B00}.Release|Mixed Platforms.ActiveCfg = Release|x86
		{FC7845FA-13FE-4FF8-822A-A577F3F59B00}.Release|Mixed Platforms.Build.0 = Release|x86
		{FC7845FA-13FE-4FF8-822A-A577F3F59B00}.Release|Windows Phone.ActiveCfg = Release|x86
		{FC7845FA-13FE-4FF8-822A-A577F3F59B00}.Release|Windows Phone.Build.0 = Release|x86
		{FC7845FA-13FE-4FF8-822A-A577F3F59B00}.Release|x86.ActiveCfg = Release|x86
		{FC7845FA-13FE-4FF8-822A-A577F3F59B00}.Release|x86.Build.0 = Release|x86
		{D6BB070C-8BCC-4664-8EEE-3A66DAF9D6AB}.Debug|Any CPU.ActiveCfg = Debug|Windows Phone
		{D6BB070C-8BCC-4664-8EEE-3A66DAF9D6AB}.Debug|Mixed Platforms.ActiveCfg = Debug|Windows Phone
		{D6BB070C-8BCC-4664-8EEE-3A66DAF9D6AB}.Debug|Mixed Platforms.Build.0 = Debug|Windows Phone
		{D6BB070C-8BCC-4664-8EEE-3A66DAF9D6AB}.Debug|Windows Phone.ActiveCfg = Debug|Windows Phone
		{D6BB070C-8BCC-4664-8EEE-3A66DAF9D6AB}.Debug|Windows Phone.Build.0 = Debug|Windows Phone
		{D6BB070C-8BCC-4664-8EEE-3A66DAF9D6AB}.Debug|x86.ActiveCfg = Debug|Windows Phone
		{D6BB070C-8BCC-4664-8EEE-3A66DAF9D6AB}.Release|Any CPU.ActiveCfg = Release|Windows Phone
		{D6BB070C-8BCC-4664-8EEE-3A66DAF9D6AB}.Release|Mixed Platforms.ActiveCfg = Release|Windows Phone
		{D6BB070C-8BCC-4664-8EEE-3A66DAF9D6AB}.Release|Mixed Platforms.Build.0 = Release|Windows Phone
		{D6BB070C-8BCC-4664-8EEE-3A66DAF9D6AB}.Release|Windows Phone.ActiveCfg = Release|Windows Phone
		{D6BB070C-8BCC-4664-8EEE-3A66DAF9D6AB}.Release|Windows Phone.Build.0 = Release|Windows Phone
		{D6BB070C-8BCC-4664-8EEE-3A66DAF9D6AB}.Release|x86.ActiveCfg = Release|Windows Phone
		{1932EB84-D979-45CC-94F0-18033881B3E0}.Debug|Any CPU.ActiveCfg = Debug|Windows Phone
		{1932EB84-D979-45CC-94F0-18033881B3E0}.Debug|Mixed Platforms.ActiveCfg = Debug|Windows Phone
		{1932EB84-D979-45CC-94F0-18033881B3E0}.Debug|Mixed Platforms.Build.0 = Debug|Windows Phone
		{1932EB84-D979-45CC-94F0-18033881B3E0}.Debug|Windows Phone.ActiveCfg = Debug|Windows Phone
		{1932EB84-D979-45CC-94F0-18033881B3E0}.Debug|Windows Phone.Build.0 = Debug|Windows Phone
		{1932EB84-D979-45CC-94F0-18033881B3E0}.Debug|x86.ActiveCfg = Debug|Windows Phone
		{1932EB84-D979-45CC-94F0-18033881B3E0}.Release|Any CPU.ActiveCfg = Release|Windows Phone
		{1932EB84-D979-45CC-94F0-18033881B3E0}.Release|Mixed Platforms.ActiveCfg = Release|Windows Phone
		{1932EB84-D979-45CC-94F0-18033881B3E0}.Release|Mixed Platforms.Build.0 = Release|Windows Phone
		{1932EB84-D979-45CC-94F0-18033881B3E0}.Release|Windows Phone.ActiveCfg = Release|Windows Phone
		{1932EB84-D979-45CC-94F0-18033881B3E0}.Release|Windows Phone.Build.0 = Release|Windows Phone
		{1932EB84-D979-45CC-94F0-18033881B3E0}.Release|x86.ActiveCfg = Release|Windows Phone
		{660570B0-6F4B-4122-B6A0-A40D471043F4}.Debug|Any CPU.ActiveCfg = Debug|Windows Phone
		{660570B0-6F4B-4122-B6A0-A40D471043F4}.Debug|Mixed Platforms.ActiveCfg = Debug|Windows Phone
		{660570B0-6F4B-4122-B6A0-A40D471043F4}.Debug|Mixed Platforms.Build.0 = Debug|Windows Phone
		{660570B0-6F4B-4122-B6A0-A40D471043F4}.Debug|Windows Phone.ActiveCfg = Debug|Windows Phone
		{660570B0-6F4B-4122-B6A0-A40D471043F4}.Debug|Windows Phone.Build.0 = Debug|Windows Phone
		{660570B0-6F4B-4122-B6A0-A40D471043F4}.Debug|x86.ActiveCfg = Debug|Windows Phone
		{660570B0-6F4B-4122-B6A0-A40D471043F4}.Release|Any CPU.ActiveCfg = Release|Windows Phone
		{660570B0-6F4B-4122-B6A0-A40D471043F4}.Release|Mixed Platforms.ActiveCfg = Release|Windows Phone
		{660570B0-6F4B-4122-B6A0-A40D471043F4}.Release|Mixed Platforms.Build.0 = Release|Windows Phone
		{660570B0-6F4B-4122-B6A0-A40D471043F4}.Release|Windows Phone.ActiveCfg = Release|Windows Phone
		{660570B0-6F4B-4122-B6A0-A40D471043F4}.Release|Windows Phone.Build.0 = Release|Windows Phone
		{660570B0-6F4B-4122-B6A0-A40D471043F4}.Release|x86.ActiveCfg = Release|Windows Phone
		{D3A0AF9B-8DE9-44E4-9627-BF4AF75E8892}.Debug|Any CPU.ActiveCfg = Debug|Windows Phone
		{D3A0AF9B-8DE9-44E4-9627-BF4AF75E8892}.Debug|Mixed Platforms.ActiveCfg = Debug|Windows Phone
		{D3A0AF9B-8DE9-44E4-9627-BF4AF75E8892}.Debug|Mixed Platforms.Build.0 = Debug|Windows Phone
		{D3A0AF9B-8DE9-44E4-9627-BF4AF75E8892}.Debug|Windows Phone.ActiveCfg = Debug|Windows Phone
		{D3A0AF9B-8DE9-44E4-9627-BF4AF75E8892}.Debug|Windows Phone.Build.0 = Debug|Windows Phone
		{D3A0AF9B-8DE9-44E4-9627-BF4AF75E8892}.Debug|x86.ActiveCfg = Debug|Windows Phone
		{D3A0AF9B-8DE9-44E4-9627-BF4AF75E8892}.Release|Any CPU.ActiveCfg = Release|Windows Phone
		{D3A0AF9B-8DE9-44E4-9627-BF4AF75E8892}.Release|Mixed Platforms.ActiveCfg = Release|Windows Phone
		{D3A0AF9B-8DE9-44E4-9627-BF4AF75E8892}.Release|Mixed Platforms.Build.0 = Release|Windows Phone
		{D3A0AF9B-8DE9-44E4-9627-BF4AF75E8892}.Release|Windows Phone.ActiveCfg = Release|Windows Phone
		{D3A0AF9B-8DE9-44E4-9627-BF4AF75E8892}.Release|Windows Phone.Build.0 = Release|Windows Phone
		{D3A0AF9B-8DE9-44E4-9627-BF4AF75E8892}.Release|x86.ActiveCfg = Release|Windows Phone
		{AC26EDE1-2A42-4A57-BEEE-9603FCAC9317}.Debug|Any CPU.ActiveCfg = Debug|Any CPU
		{AC26EDE1-2A42-4A57-BEEE-9603FCAC9317}.Debug|Mixed Platforms.ActiveCfg = Debug|Any CPU
		{AC26EDE1-2A42-4A57-BEEE-9603FCAC9317}.Debug|Windows Phone.ActiveCfg = Debug|Any CPU
		{AC26EDE1-2A42-4A57-BEEE-9603FCAC9317}.Debug|x86.ActiveCfg = Debug|Any CPU
		{AC26EDE1-2A42-4A57-BEEE-9603FCAC9317}.Release|Any CPU.ActiveCfg = Debug|Any CPU
		{AC26EDE1-2A42-4A57-BEEE-9603FCAC9317}.Release|Mixed Platforms.ActiveCfg = Debug|Any CPU
		{AC26EDE1-2A42-4A57-BEEE-9603FCAC9317}.Release|Windows Phone.ActiveCfg = Debug|Any CPU
		{AC26EDE1-2A42-4A57-BEEE-9603FCAC9317}.Release|x86.ActiveCfg = Debug|Any CPU
		{D6155E76-BE20-47B7-93EE-E019223FBD0C}.Debug|Any CPU.ActiveCfg = Debug|x86
		{D6155E76-BE20-47B7-93EE-E019223FBD0C}.Debug|Mixed Platforms.ActiveCfg = Debug|x86
		{D6155E76-BE20-47B7-93EE-E019223FBD0C}.Debug|Mixed Platforms.Build.0 = Debug|x86
		{D6155E76-BE20-47B7-93EE-E019223FBD0C}.Debug|Windows Phone.ActiveCfg = Debug|x86
		{D6155E76-BE20-47B7-93EE-E019223FBD0C}.Debug|x86.ActiveCfg = Debug|x86
		{D6155E76-BE20-47B7-93EE-E019223FBD0C}.Debug|x86.Build.0 = Debug|x86
		{D6155E76-BE20-47B7-93EE-E019223FBD0C}.Release|Any CPU.ActiveCfg = Release|x86
		{D6155E76-BE20-47B7-93EE-E019223FBD0C}.Release|Mixed Platforms.ActiveCfg = Release|x86
		{D6155E76-BE20-47B7-93EE-E019223FBD0C}.Release|Mixed Platforms.Build.0 = Release|x86
		{D6155E76-BE20-47B7-93EE-E019223FBD0C}.Release|Windows Phone.ActiveCfg = Release|x86
		{D6155E76-BE20-47B7-93EE-E019223FBD0C}.Release|x86.ActiveCfg = Release|x86
		{D6155E76-BE20-47B7-93EE-E019223FBD0C}.Release|x86.Build.0 = Release|x86
		{C5D33066-D535-457F-AECF-D4AC253A935A}.Debug|Any CPU.ActiveCfg = Debug|Windows Phone
		{C5D33066-D535-457F-AECF-D4AC253A935A}.Debug|Mixed Platforms.ActiveCfg = Debug|Windows Phone
		{C5D33066-D535-457F-AECF-D4AC253A935A}.Debug|Mixed Platforms.Build.0 = Debug|Windows Phone
		{C5D33066-D535-457F-AECF-D4AC253A935A}.Debug|Mixed Platforms.Deploy.0 = Debug|Windows Phone
		{C5D33066-D535-457F-AECF-D4AC253A935A}.Debug|Windows Phone.ActiveCfg = Debug|Windows Phone
		{C5D33066-D535-457F-AECF-D4AC253A935A}.Debug|Windows Phone.Build.0 = Debug|Windows Phone
		{C5D33066-D535-457F-AECF-D4AC253A935A}.Debug|Windows Phone.Deploy.0 = Debug|Windows Phone
		{C5D33066-D535-457F-AECF-D4AC253A935A}.Debug|x86.ActiveCfg = Debug|Windows Phone
		{C5D33066-D535-457F-AECF-D4AC253A935A}.Release|Any CPU.ActiveCfg = Release|Windows Phone
		{C5D33066-D535-457F-AECF-D4AC253A935A}.Release|Mixed Platforms.ActiveCfg = Release|Windows Phone
		{C5D33066-D535-457F-AECF-D4AC253A935A}.Release|Mixed Platforms.Build.0 = Release|Windows Phone
		{C5D33066-D535-457F-AECF-D4AC253A935A}.Release|Mixed Platforms.Deploy.0 = Release|Windows Phone
		{C5D33066-D535-457F-AECF-D4AC253A935A}.Release|Windows Phone.ActiveCfg = Release|Windows Phone
		{C5D33066-D535-457F-AECF-D4AC253A935A}.Release|Windows Phone.Build.0 = Release|Windows Phone
		{C5D33066-D535-457F-AECF-D4AC253A935A}.Release|Windows Phone.Deploy.0 = Release|Windows Phone
		{C5D33066-D535-457F-AECF-D4AC253A935A}.Release|x86.ActiveCfg = Release|Windows Phone
		{4B690FC6-3B86-43C4-A3F8-57ECFB3973D0}.Debug|Any CPU.ActiveCfg = Debug|x86
		{4B690FC6-3B86-43C4-A3F8-57ECFB3973D0}.Debug|Mixed Platforms.ActiveCfg = Debug|x86
		{4B690FC6-3B86-43C4-A3F8-57ECFB3973D0}.Debug|Windows Phone.ActiveCfg = Debug|x86
		{4B690FC6-3B86-43C4-A3F8-57ECFB3973D0}.Debug|x86.ActiveCfg = Debug|x86
		{4B690FC6-3B86-43C4-A3F8-57ECFB3973D0}.Release|Any CPU.ActiveCfg = Release|x86
		{4B690FC6-3B86-43C4-A3F8-57ECFB3973D0}.Release|Mixed Platforms.ActiveCfg = Release|x86
		{4B690FC6-3B86-43C4-A3F8-57ECFB3973D0}.Release|Windows Phone.ActiveCfg = Release|x86
		{4B690FC6-3B86-43C4-A3F8-57ECFB3973D0}.Release|x86.ActiveCfg = Release|x86
		{79EC2569-3C47-4EE5-A453-79437C2F065D}.Debug|Any CPU.ActiveCfg = Debug|Any CPU
		{79EC2569-3C47-4EE5-A453-79437C2F065D}.Debug|Any CPU.Build.0 = Debug|Any CPU
		{79EC2569-3C47-4EE5-A453-79437C2F065D}.Debug|Mixed Platforms.ActiveCfg = Debug|Any CPU
		{79EC2569-3C47-4EE5-A453-79437C2F065D}.Debug|Mixed Platforms.Build.0 = Debug|Any CPU
		{79EC2569-3C47-4EE5-A453-79437C2F065D}.Debug|Windows Phone.ActiveCfg = Debug|Any CPU
		{79EC2569-3C47-4EE5-A453-79437C2F065D}.Debug|x86.ActiveCfg = Debug|Any CPU
		{79EC2569-3C47-4EE5-A453-79437C2F065D}.Release|Any CPU.ActiveCfg = Release|Any CPU
		{79EC2569-3C47-4EE5-A453-79437C2F065D}.Release|Any CPU.Build.0 = Release|Any CPU
		{79EC2569-3C47-4EE5-A453-79437C2F065D}.Release|Mixed Platforms.ActiveCfg = Release|Any CPU
		{79EC2569-3C47-4EE5-A453-79437C2F065D}.Release|Mixed Platforms.Build.0 = Release|Any CPU
		{79EC2569-3C47-4EE5-A453-79437C2F065D}.Release|Windows Phone.ActiveCfg = Release|Any CPU
		{79EC2569-3C47-4EE5-A453-79437C2F065D}.Release|x86.ActiveCfg = Release|Any CPU
		{69217921-B939-4790-AA5D-5DF809EF38BE}.Debug|Any CPU.ActiveCfg = Debug|Any CPU
		{69217921-B939-4790-AA5D-5DF809EF38BE}.Debug|Any CPU.Build.0 = Debug|Any CPU
		{69217921-B939-4790-AA5D-5DF809EF38BE}.Debug|Mixed Platforms.ActiveCfg = Debug|Any CPU
		{69217921-B939-4790-AA5D-5DF809EF38BE}.Debug|Mixed Platforms.Build.0 = Debug|Any CPU
		{69217921-B939-4790-AA5D-5DF809EF38BE}.Debug|Windows Phone.ActiveCfg = Debug|Any CPU
		{69217921-B939-4790-AA5D-5DF809EF38BE}.Debug|x86.ActiveCfg = Debug|Any CPU
		{69217921-B939-4790-AA5D-5DF809EF38BE}.Release|Any CPU.ActiveCfg = Release|Any CPU
		{69217921-B939-4790-AA5D-5DF809EF38BE}.Release|Any CPU.Build.0 = Release|Any CPU
		{69217921-B939-4790-AA5D-5DF809EF38BE}.Release|Mixed Platforms.ActiveCfg = Release|Any CPU
		{69217921-B939-4790-AA5D-5DF809EF38BE}.Release|Mixed Platforms.Build.0 = Release|Any CPU
		{69217921-B939-4790-AA5D-5DF809EF38BE}.Release|Windows Phone.ActiveCfg = Release|Any CPU
		{69217921-B939-4790-AA5D-5DF809EF38BE}.Release|x86.ActiveCfg = Release|Any CPU
	EndGlobalSection
	GlobalSection(SolutionProperties) = preSolution
		HideSolutionNode = FALSE
	EndGlobalSection
EndGlobal
